
Microsoft Visual Studio Solution File, Format Version 12.00
# Visual Studio 2012
Project("{FAE04EC0-301F-11D3-BF4B-00C04F79EFBC}") = "MongoDBConnection", "MongoDBConnection\MongoDBConnection.csproj", "{411FEFF3-F403-406F-BC0E-8B1D62ECD66A}"
EndProject
Project("{FAE04EC0-301F-11D3-BF4B-00C04F79EFBC}") = "samusConnection", "samusConnection\samusConnection.csproj", "{6AAB10F6-D039-480B-B6F3-1D60D4083F56}"
EndProject
Global
	GlobalSection(SolutionConfigurationPlatforms) = preSolution
		Debug|Any CPU = Debug|Any CPU
		Release|Any CPU = Release|Any CPU
	EndGlobalSection
	GlobalSection(ProjectConfigurationPlatforms) = postSolution
		{411FEFF3-F403-406F-BC0E-8B1D62ECD66A}.Debug|Any CPU.ActiveCfg = Debug|Any CPU
		{411FEFF3-F403-406F-BC0E-8B1D62ECD66A}.Debug|Any CPU.Build.0 = Debug|Any CPU
		{411FEFF3-F403-406F-BC0E-8B1D62ECD66A}.Release|Any CPU.ActiveCfg = Release|Any CPU
		{411FEFF3-F403-406F-BC0E-8B1D62ECD66A}.Release|Any CPU.Build.0 = Release|Any CPU
		{6AAB10F6-D039-480B-B6F3-1D60D4083F56}.Debug|Any CPU.ActiveCfg = Debug|Any CPU
		{6AAB10F6-D039-480B-B6F3-1D60D4083F56}.Debug|Any CPU.Build.0 = Debug|Any CPU
		{6AAB10F6-D039-480B-B6F3-1D60D4083F56}.Release|Any CPU.ActiveCfg = Release|Any CPU
		{6AAB10F6-D039-480B-B6F3-1D60D4083F56}.Release|Any CPU.Build.0 = Release|Any CPU
	EndGlobalSection
	GlobalSection(SolutionProperties) = preSolution
		HideSolutionNode = FALSE
	EndGlobalSection
EndGlobal
